// !$*UTF8*$!
{
	archiveVersion = 1;
	classes = {
	};
	objectVersion = 56;
	objects = {

/* Begin PBXBuildFile section */
		040293272B51CAA800722B54 /* APIRouter.swift in Sources */ = {isa = PBXBuildFile; fileRef = 040293262B51CAA800722B54 /* APIRouter.swift */; };
		040293292B51CCFB00722B54 /* NetworkConstatnts.swift in Sources */ = {isa = PBXBuildFile; fileRef = 040293282B51CCFB00722B54 /* NetworkConstatnts.swift */; };
		0402932D2B51CDB700722B54 /* ResponseObject.swift in Sources */ = {isa = PBXBuildFile; fileRef = 0402932C2B51CDB700722B54 /* ResponseObject.swift */; };
		0402932F2B51CDC600722B54 /* ServiceError.swift in Sources */ = {isa = PBXBuildFile; fileRef = 0402932E2B51CDC600722B54 /* ServiceError.swift */; };
		040293322B51CE7000722B54 /* BaseRepository.swift in Sources */ = {isa = PBXBuildFile; fileRef = 040293312B51CE7000722B54 /* BaseRepository.swift */; };
		040293342B51CE9600722B54 /* NetworkClient.swift in Sources */ = {isa = PBXBuildFile; fileRef = 040293332B51CE9600722B54 /* NetworkClient.swift */; };
		040293362B51CF7500722B54 /* FailureResponse.swift in Sources */ = {isa = PBXBuildFile; fileRef = 040293352B51CF7500722B54 /* FailureResponse.swift */; };
		0402933A2B51D03700722B54 /* FormRouter.swift in Sources */ = {isa = PBXBuildFile; fileRef = 040293392B51D03700722B54 /* FormRouter.swift */; };
		0402933C2B51D14D00722B54 /* FormRepo.swift in Sources */ = {isa = PBXBuildFile; fileRef = 0402933B2B51D14D00722B54 /* FormRepo.swift */; };
		0402933E2B51D22F00722B54 /* FormModel.swift in Sources */ = {isa = PBXBuildFile; fileRef = 0402933D2B51D22F00722B54 /* FormModel.swift */; };
		040293402B51DB4A00722B54 /* FormVM.swift in Sources */ = {isa = PBXBuildFile; fileRef = 0402933F2B51DB4A00722B54 /* FormVM.swift */; };
		04817AF52B5180ED006F15EB /* AppDelegate.swift in Sources */ = {isa = PBXBuildFile; fileRef = 04817AF42B5180ED006F15EB /* AppDelegate.swift */; };
		04817AF72B5180ED006F15EB /* SceneDelegate.swift in Sources */ = {isa = PBXBuildFile; fileRef = 04817AF62B5180ED006F15EB /* SceneDelegate.swift */; };
		04817AFF2B5180ED006F15EB /* MazaadyTask.xcdatamodeld in Sources */ = {isa = PBXBuildFile; fileRef = 04817AFD2B5180ED006F15EB /* MazaadyTask.xcdatamodeld */; };
		04817B012B5180EE006F15EB /* Assets.xcassets in Resources */ = {isa = PBXBuildFile; fileRef = 04817B002B5180EE006F15EB /* Assets.xcassets */; };
		04817B042B5180EE006F15EB /* LaunchScreen.storyboard in Resources */ = {isa = PBXBuildFile; fileRef = 04817B022B5180EE006F15EB /* LaunchScreen.storyboard */; };
		04817B0F2B5180EF006F15EB /* MazaadyTaskTests.swift in Sources */ = {isa = PBXBuildFile; fileRef = 04817B0E2B5180EF006F15EB /* MazaadyTaskTests.swift */; };
		04817B192B5180EF006F15EB /* MazaadyTaskUITests.swift in Sources */ = {isa = PBXBuildFile; fileRef = 04817B182B5180EF006F15EB /* MazaadyTaskUITests.swift */; };
		04817B1B2B5180EF006F15EB /* MazaadyTaskUITestsLaunchTests.swift in Sources */ = {isa = PBXBuildFile; fileRef = 04817B1A2B5180EF006F15EB /* MazaadyTaskUITestsLaunchTests.swift */; };
		04817B2D2B5184A1006F15EB /* FormVC.swift in Sources */ = {isa = PBXBuildFile; fileRef = 04817B2B2B5184A1006F15EB /* FormVC.swift */; };
		04817B2E2B5184A1006F15EB /* FormVC.xib in Resources */ = {isa = PBXBuildFile; fileRef = 04817B2C2B5184A1006F15EB /* FormVC.xib */; };
		04817B352B518547006F15EB /* FieldView.xib in Resources */ = {isa = PBXBuildFile; fileRef = 04817B342B518547006F15EB /* FieldView.xib */; };
		04817B372B518560006F15EB /* FieldView.swift in Sources */ = {isa = PBXBuildFile; fileRef = 04817B362B518560006F15EB /* FieldView.swift */; };
		04817B392B5187E6006F15EB /* NibLoadingView.swift in Sources */ = {isa = PBXBuildFile; fileRef = 04817B382B5187E6006F15EB /* NibLoadingView.swift */; };
		04817B3B2B518B47006F15EB /* DesignableUIView.swift in Sources */ = {isa = PBXBuildFile; fileRef = 04817B3A2B518B47006F15EB /* DesignableUIView.swift */; };
		0CAD8D7EF4D1EBB78CC7D34D /* Pods_MazaadyTask_MazaadyTaskUITests.framework in Frameworks */ = {isa = PBXBuildFile; fileRef = F8278B66832EB26420503F09 /* Pods_MazaadyTask_MazaadyTaskUITests.framework */; };
		673069FCA55AE8ACF3439C2B /* Pods_MazaadyTaskTests.framework in Frameworks */ = {isa = PBXBuildFile; fileRef = C5482AD2EF88ED59ECD6DBB7 /* Pods_MazaadyTaskTests.framework */; };
		7B99F2B4C135BF8CF75FD9BD /* Pods_MazaadyTask.framework in Frameworks */ = {isa = PBXBuildFile; fileRef = 913BE9903EAF236863415B54 /* Pods_MazaadyTask.framework */; };
/* End PBXBuildFile section */

/* Begin PBXContainerItemProxy section */
		04817B0B2B5180EF006F15EB /* PBXContainerItemProxy */ = {
			isa = PBXContainerItemProxy;
			containerPortal = 04817AE92B5180ED006F15EB /* Project object */;
			proxyType = 1;
			remoteGlobalIDString = 04817AF02B5180ED006F15EB;
			remoteInfo = MazaadyTask;
		};
		04817B152B5180EF006F15EB /* PBXContainerItemProxy */ = {
			isa = PBXContainerItemProxy;
			containerPortal = 04817AE92B5180ED006F15EB /* Project object */;
			proxyType = 1;
			remoteGlobalIDString = 04817AF02B5180ED006F15EB;
			remoteInfo = MazaadyTask;
		};
/* End PBXContainerItemProxy section */

/* Begin PBXFileReference section */
		040293262B51CAA800722B54 /* APIRouter.swift */ = {isa = PBXFileReference; lastKnownFileType = sourcecode.swift; path = APIRouter.swift; sourceTree = "<group>"; };
		040293282B51CCFB00722B54 /* NetworkConstatnts.swift */ = {isa = PBXFileReference; lastKnownFileType = sourcecode.swift; path = NetworkConstatnts.swift; sourceTree = "<group>"; };
		0402932C2B51CDB700722B54 /* ResponseObject.swift */ = {isa = PBXFileReference; lastKnownFileType = sourcecode.swift; path = ResponseObject.swift; sourceTree = "<group>"; };
		0402932E2B51CDC600722B54 /* ServiceError.swift */ = {isa = PBXFileReference; lastKnownFileType = sourcecode.swift; path = ServiceError.swift; sourceTree = "<group>"; };
		040293312B51CE7000722B54 /* BaseRepository.swift */ = {isa = PBXFileReference; lastKnownFileType = sourcecode.swift; path = BaseRepository.swift; sourceTree = "<group>"; };
		040293332B51CE9600722B54 /* NetworkClient.swift */ = {isa = PBXFileReference; lastKnownFileType = sourcecode.swift; path = NetworkClient.swift; sourceTree = "<group>"; };
		040293352B51CF7500722B54 /* FailureResponse.swift */ = {isa = PBXFileReference; lastKnownFileType = sourcecode.swift; path = FailureResponse.swift; sourceTree = "<group>"; };
		040293392B51D03700722B54 /* FormRouter.swift */ = {isa = PBXFileReference; lastKnownFileType = sourcecode.swift; path = FormRouter.swift; sourceTree = "<group>"; };
		0402933B2B51D14D00722B54 /* FormRepo.swift */ = {isa = PBXFileReference; lastKnownFileType = sourcecode.swift; path = FormRepo.swift; sourceTree = "<group>"; };
		0402933D2B51D22F00722B54 /* FormModel.swift */ = {isa = PBXFileReference; lastKnownFileType = sourcecode.swift; path = FormModel.swift; sourceTree = "<group>"; };
		0402933F2B51DB4A00722B54 /* FormVM.swift */ = {isa = PBXFileReference; lastKnownFileType = sourcecode.swift; path = FormVM.swift; sourceTree = "<group>"; };
		04817AF12B5180ED006F15EB /* MazaadyTask.app */ = {isa = PBXFileReference; explicitFileType = wrapper.application; includeInIndex = 0; path = MazaadyTask.app; sourceTree = BUILT_PRODUCTS_DIR; };
		04817AF42B5180ED006F15EB /* AppDelegate.swift */ = {isa = PBXFileReference; lastKnownFileType = sourcecode.swift; path = AppDelegate.swift; sourceTree = "<group>"; };
		04817AF62B5180ED006F15EB /* SceneDelegate.swift */ = {isa = PBXFileReference; lastKnownFileType = sourcecode.swift; path = SceneDelegate.swift; sourceTree = "<group>"; };
		04817AFE2B5180ED006F15EB /* MazaadyTask.xcdatamodel */ = {isa = PBXFileReference; lastKnownFileType = wrapper.xcdatamodel; path = MazaadyTask.xcdatamodel; sourceTree = "<group>"; };
		04817B002B5180EE006F15EB /* Assets.xcassets */ = {isa = PBXFileReference; lastKnownFileType = folder.assetcatalog; path = Assets.xcassets; sourceTree = "<group>"; };
		04817B032B5180EE006F15EB /* Base */ = {isa = PBXFileReference; lastKnownFileType = file.storyboard; name = Base; path = Base.lproj/LaunchScreen.storyboard; sourceTree = "<group>"; };
		04817B052B5180EE006F15EB /* Info.plist */ = {isa = PBXFileReference; lastKnownFileType = text.plist.xml; path = Info.plist; sourceTree = "<group>"; };
		04817B0A2B5180EF006F15EB /* MazaadyTaskTests.xctest */ = {isa = PBXFileReference; explicitFileType = wrapper.cfbundle; includeInIndex = 0; path = MazaadyTaskTests.xctest; sourceTree = BUILT_PRODUCTS_DIR; };
		04817B0E2B5180EF006F15EB /* MazaadyTaskTests.swift */ = {isa = PBXFileReference; lastKnownFileType = sourcecode.swift; path = MazaadyTaskTests.swift; sourceTree = "<group>"; };
		04817B142B5180EF006F15EB /* MazaadyTaskUITests.xctest */ = {isa = PBXFileReference; explicitFileType = wrapper.cfbundle; includeInIndex = 0; path = MazaadyTaskUITests.xctest; sourceTree = BUILT_PRODUCTS_DIR; };
		04817B182B5180EF006F15EB /* MazaadyTaskUITests.swift */ = {isa = PBXFileReference; lastKnownFileType = sourcecode.swift; path = MazaadyTaskUITests.swift; sourceTree = "<group>"; };
		04817B1A2B5180EF006F15EB /* MazaadyTaskUITestsLaunchTests.swift */ = {isa = PBXFileReference; lastKnownFileType = sourcecode.swift; path = MazaadyTaskUITestsLaunchTests.swift; sourceTree = "<group>"; };
		04817B2B2B5184A1006F15EB /* FormVC.swift */ = {isa = PBXFileReference; lastKnownFileType = sourcecode.swift; path = FormVC.swift; sourceTree = "<group>"; };
		04817B2C2B5184A1006F15EB /* FormVC.xib */ = {isa = PBXFileReference; lastKnownFileType = file.xib; path = FormVC.xib; sourceTree = "<group>"; };
		04817B342B518547006F15EB /* FieldView.xib */ = {isa = PBXFileReference; lastKnownFileType = file.xib; path = FieldView.xib; sourceTree = "<group>"; };
		04817B362B518560006F15EB /* FieldView.swift */ = {isa = PBXFileReference; lastKnownFileType = sourcecode.swift; path = FieldView.swift; sourceTree = "<group>"; };
		04817B382B5187E6006F15EB /* NibLoadingView.swift */ = {isa = PBXFileReference; lastKnownFileType = sourcecode.swift; path = NibLoadingView.swift; sourceTree = "<group>"; };
		04817B3A2B518B47006F15EB /* DesignableUIView.swift */ = {isa = PBXFileReference; lastKnownFileType = sourcecode.swift; path = DesignableUIView.swift; sourceTree = "<group>"; };
		12492EEE37C50DAD8C383807 /* Pods-MazaadyTask-MazaadyTaskUITests.release.xcconfig */ = {isa = PBXFileReference; includeInIndex = 1; lastKnownFileType = text.xcconfig; name = "Pods-MazaadyTask-MazaadyTaskUITests.release.xcconfig"; path = "Target Support Files/Pods-MazaadyTask-MazaadyTaskUITests/Pods-MazaadyTask-MazaadyTaskUITests.release.xcconfig"; sourceTree = "<group>"; };
		4E865E74C4539C6A1A0DB1C0 /* Pods-MazaadyTask.release.xcconfig */ = {isa = PBXFileReference; includeInIndex = 1; lastKnownFileType = text.xcconfig; name = "Pods-MazaadyTask.release.xcconfig"; path = "Target Support Files/Pods-MazaadyTask/Pods-MazaadyTask.release.xcconfig"; sourceTree = "<group>"; };
		651B97B62594987072861DF3 /* Pods-MazaadyTask.debug.xcconfig */ = {isa = PBXFileReference; includeInIndex = 1; lastKnownFileType = text.xcconfig; name = "Pods-MazaadyTask.debug.xcconfig"; path = "Target Support Files/Pods-MazaadyTask/Pods-MazaadyTask.debug.xcconfig"; sourceTree = "<group>"; };
		8989C171FF5D24CAB214ACDC /* Pods-MazaadyTask-MazaadyTaskUITests.debug.xcconfig */ = {isa = PBXFileReference; includeInIndex = 1; lastKnownFileType = text.xcconfig; name = "Pods-MazaadyTask-MazaadyTaskUITests.debug.xcconfig"; path = "Target Support Files/Pods-MazaadyTask-MazaadyTaskUITests/Pods-MazaadyTask-MazaadyTaskUITests.debug.xcconfig"; sourceTree = "<group>"; };
		913BE9903EAF236863415B54 /* Pods_MazaadyTask.framework */ = {isa = PBXFileReference; explicitFileType = wrapper.framework; includeInIndex = 0; path = Pods_MazaadyTask.framework; sourceTree = BUILT_PRODUCTS_DIR; };
		C5482AD2EF88ED59ECD6DBB7 /* Pods_MazaadyTaskTests.framework */ = {isa = PBXFileReference; explicitFileType = wrapper.framework; includeInIndex = 0; path = Pods_MazaadyTaskTests.framework; sourceTree = BUILT_PRODUCTS_DIR; };
		CEDC8D92391D86986CD5CF23 /* Pods-MazaadyTaskTests.release.xcconfig */ = {isa = PBXFileReference; includeInIndex = 1; lastKnownFileType = text.xcconfig; name = "Pods-MazaadyTaskTests.release.xcconfig"; path = "Target Support Files/Pods-MazaadyTaskTests/Pods-MazaadyTaskTests.release.xcconfig"; sourceTree = "<group>"; };
		EF5D1CE88F22BE4DF5A5382A /* Pods-MazaadyTaskTests.debug.xcconfig */ = {isa = PBXFileReference; includeInIndex = 1; lastKnownFileType = text.xcconfig; name = "Pods-MazaadyTaskTests.debug.xcconfig"; path = "Target Support Files/Pods-MazaadyTaskTests/Pods-MazaadyTaskTests.debug.xcconfig"; sourceTree = "<group>"; };
		F8278B66832EB26420503F09 /* Pods_MazaadyTask_MazaadyTaskUITests.framework */ = {isa = PBXFileReference; explicitFileType = wrapper.framework; includeInIndex = 0; path = Pods_MazaadyTask_MazaadyTaskUITests.framework; sourceTree = BUILT_PRODUCTS_DIR; };
/* End PBXFileReference section */

/* Begin PBXFrameworksBuildPhase section */
		04817AEE2B5180ED006F15EB /* Frameworks */ = {
			isa = PBXFrameworksBuildPhase;
			buildActionMask = 2147483647;
			files = (
				7B99F2B4C135BF8CF75FD9BD /* Pods_MazaadyTask.framework in Frameworks */,
			);
			runOnlyForDeploymentPostprocessing = 0;
		};
		04817B072B5180EF006F15EB /* Frameworks */ = {
			isa = PBXFrameworksBuildPhase;
			buildActionMask = 2147483647;
			files = (
				673069FCA55AE8ACF3439C2B /* Pods_MazaadyTaskTests.framework in Frameworks */,
			);
			runOnlyForDeploymentPostprocessing = 0;
		};
		04817B112B5180EF006F15EB /* Frameworks */ = {
			isa = PBXFrameworksBuildPhase;
			buildActionMask = 2147483647;
			files = (
				0CAD8D7EF4D1EBB78CC7D34D /* Pods_MazaadyTask_MazaadyTaskUITests.framework in Frameworks */,
			);
			runOnlyForDeploymentPostprocessing = 0;
		};
/* End PBXFrameworksBuildPhase section */

/* Begin PBXGroup section */
		040293252B51CA8200722B54 /* Network */ = {
			isa = PBXGroup;
			children = (
				040293262B51CAA800722B54 /* APIRouter.swift */,
				040293282B51CCFB00722B54 /* NetworkConstatnts.swift */,
				0402932C2B51CDB700722B54 /* ResponseObject.swift */,
				0402932E2B51CDC600722B54 /* ServiceError.swift */,
				040293332B51CE9600722B54 /* NetworkClient.swift */,
				040293352B51CF7500722B54 /* FailureResponse.swift */,
			);
			path = Network;
			sourceTree = "<group>";
		};
		040293302B51CE6000722B54 /* Core */ = {
			isa = PBXGroup;
			children = (
				040293312B51CE7000722B54 /* BaseRepository.swift */,
			);
			path = Core;
			sourceTree = "<group>";
		};
		040293372B51D02200722B54 /* Router */ = {
			isa = PBXGroup;
			children = (
				040293392B51D03700722B54 /* FormRouter.swift */,
			);
			path = Router;
			sourceTree = "<group>";
		};
		040293382B51D02900722B54 /* Repo */ = {
			isa = PBXGroup;
			children = (
				0402933B2B51D14D00722B54 /* FormRepo.swift */,
			);
			path = Repo;
			sourceTree = "<group>";
		};
		04817AE82B5180ED006F15EB = {
			isa = PBXGroup;
			children = (
				04817AF32B5180ED006F15EB /* MazaadyTask */,
				04817B0D2B5180EF006F15EB /* MazaadyTaskTests */,
				04817B172B5180EF006F15EB /* MazaadyTaskUITests */,
				04817AF22B5180ED006F15EB /* Products */,
				48F9EA2BD9F7B089E8644F5A /* Pods */,
				52282501FE232BC3C0398EE6 /* Frameworks */,
			);
			sourceTree = "<group>";
		};
		04817AF22B5180ED006F15EB /* Products */ = {
			isa = PBXGroup;
			children = (
				04817AF12B5180ED006F15EB /* MazaadyTask.app */,
				04817B0A2B5180EF006F15EB /* MazaadyTaskTests.xctest */,
				04817B142B5180EF006F15EB /* MazaadyTaskUITests.xctest */,
			);
			name = Products;
			sourceTree = "<group>";
		};
		04817AF32B5180ED006F15EB /* MazaadyTask */ = {
			isa = PBXGroup;
			children = (
				040293302B51CE6000722B54 /* Core */,
				040293252B51CA8200722B54 /* Network */,
				04817B312B518504006F15EB /* Utilities */,
				04817B272B518453006F15EB /* Modules */,
				04817AF42B5180ED006F15EB /* AppDelegate.swift */,
				04817AF62B5180ED006F15EB /* SceneDelegate.swift */,
				04817B002B5180EE006F15EB /* Assets.xcassets */,
				04817B022B5180EE006F15EB /* LaunchScreen.storyboard */,
				04817B052B5180EE006F15EB /* Info.plist */,
				04817AFD2B5180ED006F15EB /* MazaadyTask.xcdatamodeld */,
			);
			path = MazaadyTask;
			sourceTree = "<group>";
		};
		04817B0D2B5180EF006F15EB /* MazaadyTaskTests */ = {
			isa = PBXGroup;
			children = (
				04817B0E2B5180EF006F15EB /* MazaadyTaskTests.swift */,
			);
			path = MazaadyTaskTests;
			sourceTree = "<group>";
		};
		04817B172B5180EF006F15EB /* MazaadyTaskUITests */ = {
			isa = PBXGroup;
			children = (
				04817B182B5180EF006F15EB /* MazaadyTaskUITests.swift */,
				04817B1A2B5180EF006F15EB /* MazaadyTaskUITestsLaunchTests.swift */,
			);
			path = MazaadyTaskUITests;
			sourceTree = "<group>";
		};
		04817B272B518453006F15EB /* Modules */ = {
			isa = PBXGroup;
			children = (
				040293382B51D02900722B54 /* Repo */,
				040293372B51D02200722B54 /* Router */,
				04817B302B5184FA006F15EB /* Model */,
				04817B2F2B5184F1006F15EB /* ViewModel */,
				04817B282B51846C006F15EB /* View */,
			);
			path = Modules;
			sourceTree = "<group>";
		};
		04817B282B51846C006F15EB /* View */ = {
			isa = PBXGroup;
			children = (
				04817B2B2B5184A1006F15EB /* FormVC.swift */,
				04817B2C2B5184A1006F15EB /* FormVC.xib */,
			);
			path = View;
			sourceTree = "<group>";
		};
		04817B2F2B5184F1006F15EB /* ViewModel */ = {
			isa = PBXGroup;
			children = (
				0402933F2B51DB4A00722B54 /* FormVM.swift */,
			);
			path = ViewModel;
			sourceTree = "<group>";
		};
		04817B302B5184FA006F15EB /* Model */ = {
			isa = PBXGroup;
			children = (
				0402933D2B51D22F00722B54 /* FormModel.swift */,
			);
			path = Model;
			sourceTree = "<group>";
		};
		04817B312B518504006F15EB /* Utilities */ = {
			isa = PBXGroup;
			children = (
				04817B322B51850F006F15EB /* CustomViews */,
				04817B382B5187E6006F15EB /* NibLoadingView.swift */,
			);
			path = Utilities;
			sourceTree = "<group>";
		};
		04817B322B51850F006F15EB /* CustomViews */ = {
			isa = PBXGroup;
			children = (
				04817B332B51851F006F15EB /* FieldView */,
				04817B3A2B518B47006F15EB /* DesignableUIView.swift */,
			);
			path = CustomViews;
			sourceTree = "<group>";
		};
		04817B332B51851F006F15EB /* FieldView */ = {
			isa = PBXGroup;
			children = (
				04817B342B518547006F15EB /* FieldView.xib */,
				04817B362B518560006F15EB /* FieldView.swift */,
			);
			path = FieldView;
			sourceTree = "<group>";
		};
		48F9EA2BD9F7B089E8644F5A /* Pods */ = {
			isa = PBXGroup;
			children = (
				651B97B62594987072861DF3 /* Pods-MazaadyTask.debug.xcconfig */,
				4E865E74C4539C6A1A0DB1C0 /* Pods-MazaadyTask.release.xcconfig */,
				8989C171FF5D24CAB214ACDC /* Pods-MazaadyTask-MazaadyTaskUITests.debug.xcconfig */,
				12492EEE37C50DAD8C383807 /* Pods-MazaadyTask-MazaadyTaskUITests.release.xcconfig */,
				EF5D1CE88F22BE4DF5A5382A /* Pods-MazaadyTaskTests.debug.xcconfig */,
				CEDC8D92391D86986CD5CF23 /* Pods-MazaadyTaskTests.release.xcconfig */,
			);
			path = Pods;
			sourceTree = "<group>";
		};
		52282501FE232BC3C0398EE6 /* Frameworks */ = {
			isa = PBXGroup;
			children = (
				913BE9903EAF236863415B54 /* Pods_MazaadyTask.framework */,
				F8278B66832EB26420503F09 /* Pods_MazaadyTask_MazaadyTaskUITests.framework */,
				C5482AD2EF88ED59ECD6DBB7 /* Pods_MazaadyTaskTests.framework */,
			);
			name = Frameworks;
			sourceTree = "<group>";
		};
/* End PBXGroup section */

/* Begin PBXNativeTarget section */
		04817AF02B5180ED006F15EB /* MazaadyTask */ = {
			isa = PBXNativeTarget;
			buildConfigurationList = 04817B1E2B5180EF006F15EB /* Build configuration list for PBXNativeTarget "MazaadyTask" */;
			buildPhases = (
				858501B888372CD54D7CEF14 /* [CP] Check Pods Manifest.lock */,
				04817AED2B5180ED006F15EB /* Sources */,
				04817AEE2B5180ED006F15EB /* Frameworks */,
				04817AEF2B5180ED006F15EB /* Resources */,
				85AA59314A2942DEC67B5CC8 /* [CP] Embed Pods Frameworks */,
			);
			buildRules = (
			);
			dependencies = (
			);
			name = MazaadyTask;
			productName = MazaadyTask;
			productReference = 04817AF12B5180ED006F15EB /* MazaadyTask.app */;
			productType = "com.apple.product-type.application";
		};
		04817B092B5180EF006F15EB /* MazaadyTaskTests */ = {
			isa = PBXNativeTarget;
			buildConfigurationList = 04817B212B5180EF006F15EB /* Build configuration list for PBXNativeTarget "MazaadyTaskTests" */;
			buildPhases = (
				9BED224658ADE4DFB00D1380 /* [CP] Check Pods Manifest.lock */,
				04817B062B5180EF006F15EB /* Sources */,
				04817B072B5180EF006F15EB /* Frameworks */,
				04817B082B5180EF006F15EB /* Resources */,
			);
			buildRules = (
			);
			dependencies = (
				04817B0C2B5180EF006F15EB /* PBXTargetDependency */,
			);
			name = MazaadyTaskTests;
			productName = MazaadyTaskTests;
			productReference = 04817B0A2B5180EF006F15EB /* MazaadyTaskTests.xctest */;
			productType = "com.apple.product-type.bundle.unit-test";
		};
		04817B132B5180EF006F15EB /* MazaadyTaskUITests */ = {
			isa = PBXNativeTarget;
			buildConfigurationList = 04817B242B5180EF006F15EB /* Build configuration list for PBXNativeTarget "MazaadyTaskUITests" */;
			buildPhases = (
				B822DBBEDE58B1035E22A075 /* [CP] Check Pods Manifest.lock */,
				04817B102B5180EF006F15EB /* Sources */,
				04817B112B5180EF006F15EB /* Frameworks */,
				04817B122B5180EF006F15EB /* Resources */,
				633EFCE9D7925447E071A66E /* [CP] Embed Pods Frameworks */,
			);
			buildRules = (
			);
			dependencies = (
				04817B162B5180EF006F15EB /* PBXTargetDependency */,
			);
			name = MazaadyTaskUITests;
			productName = MazaadyTaskUITests;
			productReference = 04817B142B5180EF006F15EB /* MazaadyTaskUITests.xctest */;
			productType = "com.apple.product-type.bundle.ui-testing";
		};
/* End PBXNativeTarget section */

/* Begin PBXProject section */
		04817AE92B5180ED006F15EB /* Project object */ = {
			isa = PBXProject;
			attributes = {
				BuildIndependentTargetsInParallel = 1;
				LastSwiftUpdateCheck = 1430;
				LastUpgradeCheck = 1430;
				TargetAttributes = {
					04817AF02B5180ED006F15EB = {
						CreatedOnToolsVersion = 14.3.1;
					};
					04817B092B5180EF006F15EB = {
						CreatedOnToolsVersion = 14.3.1;
						TestTargetID = 04817AF02B5180ED006F15EB;
					};
					04817B132B5180EF006F15EB = {
						CreatedOnToolsVersion = 14.3.1;
						TestTargetID = 04817AF02B5180ED006F15EB;
					};
				};
			};
			buildConfigurationList = 04817AEC2B5180ED006F15EB /* Build configuration list for PBXProject "MazaadyTask" */;
			compatibilityVersion = "Xcode 14.0";
			developmentRegion = en;
			hasScannedForEncodings = 0;
			knownRegions = (
				en,
				Base,
			);
			mainGroup = 04817AE82B5180ED006F15EB;
			productRefGroup = 04817AF22B5180ED006F15EB /* Products */;
			projectDirPath = "";
			projectRoot = "";
			targets = (
				04817AF02B5180ED006F15EB /* MazaadyTask */,
				04817B092B5180EF006F15EB /* MazaadyTaskTests */,
				04817B132B5180EF006F15EB /* MazaadyTaskUITests */,
			);
		};
/* End PBXProject section */

/* Begin PBXResourcesBuildPhase section */
		04817AEF2B5180ED006F15EB /* Resources */ = {
			isa = PBXResourcesBuildPhase;
			buildActionMask = 2147483647;
			files = (
				04817B2E2B5184A1006F15EB /* FormVC.xib in Resources */,
				04817B042B5180EE006F15EB /* LaunchScreen.storyboard in Resources */,
				04817B352B518547006F15EB /* FieldView.xib in Resources */,
				04817B012B5180EE006F15EB /* Assets.xcassets in Resources */,
			);
			runOnlyForDeploymentPostprocessing = 0;
		};
		04817B082B5180EF006F15EB /* Resources */ = {
			isa = PBXResourcesBuildPhase;
			buildActionMask = 2147483647;
			files = (
			);
			runOnlyForDeploymentPostprocessing = 0;
		};
		04817B122B5180EF006F15EB /* Resources */ = {
			isa = PBXResourcesBuildPhase;
			buildActionMask = 2147483647;
			files = (
			);
			runOnlyForDeploymentPostprocessing = 0;
		};
/* End PBXResourcesBuildPhase section */

/* Begin PBXShellScriptBuildPhase section */
		633EFCE9D7925447E071A66E /* [CP] Embed Pods Frameworks */ = {
			isa = PBXShellScriptBuildPhase;
			buildActionMask = 2147483647;
			files = (
			);
			inputFileListPaths = (
				"${PODS_ROOT}/Target Support Files/Pods-MazaadyTask-MazaadyTaskUITests/Pods-MazaadyTask-MazaadyTaskUITests-frameworks-${CONFIGURATION}-input-files.xcfilelist",
			);
			name = "[CP] Embed Pods Frameworks";
			outputFileListPaths = (
				"${PODS_ROOT}/Target Support Files/Pods-MazaadyTask-MazaadyTaskUITests/Pods-MazaadyTask-MazaadyTaskUITests-frameworks-${CONFIGURATION}-output-files.xcfilelist",
			);
			runOnlyForDeploymentPostprocessing = 0;
			shellPath = /bin/sh;
			shellScript = "\"${PODS_ROOT}/Target Support Files/Pods-MazaadyTask-MazaadyTaskUITests/Pods-MazaadyTask-MazaadyTaskUITests-frameworks.sh\"\n";
			showEnvVarsInLog = 0;
		};
		858501B888372CD54D7CEF14 /* [CP] Check Pods Manifest.lock */ = {
			isa = PBXShellScriptBuildPhase;
			buildActionMask = 2147483647;
			files = (
			);
			inputFileListPaths = (
			);
			inputPaths = (
				"${PODS_PODFILE_DIR_PATH}/Podfile.lock",
				"${PODS_ROOT}/Manifest.lock",
			);
			name = "[CP] Check Pods Manifest.lock";
			outputFileListPaths = (
			);
			outputPaths = (
				"$(DERIVED_FILE_DIR)/Pods-MazaadyTask-checkManifestLockResult.txt",
			);
			runOnlyForDeploymentPostprocessing = 0;
			shellPath = /bin/sh;
			shellScript = "diff \"${PODS_PODFILE_DIR_PATH}/Podfile.lock\" \"${PODS_ROOT}/Manifest.lock\" > /dev/null\nif [ $? != 0 ] ; then\n    # print error to STDERR\n    echo \"error: The sandbox is not in sync with the Podfile.lock. Run 'pod install' or update your CocoaPods installation.\" >&2\n    exit 1\nfi\n# This output is used by Xcode 'outputs' to avoid re-running this script phase.\necho \"SUCCESS\" > \"${SCRIPT_OUTPUT_FILE_0}\"\n";
			showEnvVarsInLog = 0;
		};
		85AA59314A2942DEC67B5CC8 /* [CP] Embed Pods Frameworks */ = {
			isa = PBXShellScriptBuildPhase;
			buildActionMask = 2147483647;
			files = (
			);
			inputFileListPaths = (
				"${PODS_ROOT}/Target Support Files/Pods-MazaadyTask/Pods-MazaadyTask-frameworks-${CONFIGURATION}-input-files.xcfilelist",
			);
			name = "[CP] Embed Pods Frameworks";
			outputFileListPaths = (
				"${PODS_ROOT}/Target Support Files/Pods-MazaadyTask/Pods-MazaadyTask-frameworks-${CONFIGURATION}-output-files.xcfilelist",
			);
			runOnlyForDeploymentPostprocessing = 0;
			shellPath = /bin/sh;
			shellScript = "\"${PODS_ROOT}/Target Support Files/Pods-MazaadyTask/Pods-MazaadyTask-frameworks.sh\"\n";
			showEnvVarsInLog = 0;
		};
		9BED224658ADE4DFB00D1380 /* [CP] Check Pods Manifest.lock */ = {
			isa = PBXShellScriptBuildPhase;
			buildActionMask = 2147483647;
			files = (
			);
			inputFileListPaths = (
			);
			inputPaths = (
				"${PODS_PODFILE_DIR_PATH}/Podfile.lock",
				"${PODS_ROOT}/Manifest.lock",
			);
			name = "[CP] Check Pods Manifest.lock";
			outputFileListPaths = (
			);
			outputPaths = (
				"$(DERIVED_FILE_DIR)/Pods-MazaadyTaskTests-checkManifestLockResult.txt",
			);
			runOnlyForDeploymentPostprocessing = 0;
			shellPath = /bin/sh;
			shellScript = "diff \"${PODS_PODFILE_DIR_PATH}/Podfile.lock\" \"${PODS_ROOT}/Manifest.lock\" > /dev/null\nif [ $? != 0 ] ; then\n    # print error to STDERR\n    echo \"error: The sandbox is not in sync with the Podfile.lock. Run 'pod install' or update your CocoaPods installation.\" >&2\n    exit 1\nfi\n# This output is used by Xcode 'outputs' to avoid re-running this script phase.\necho \"SUCCESS\" > \"${SCRIPT_OUTPUT_FILE_0}\"\n";
			showEnvVarsInLog = 0;
		};
		B822DBBEDE58B1035E22A075 /* [CP] Check Pods Manifest.lock */ = {
			isa = PBXShellScriptBuildPhase;
			buildActionMask = 2147483647;
			files = (
			);
			inputFileListPaths = (
			);
			inputPaths = (
				"${PODS_PODFILE_DIR_PATH}/Podfile.lock",
				"${PODS_ROOT}/Manifest.lock",
			);
			name = "[CP] Check Pods Manifest.lock";
			outputFileListPaths = (
			);
			outputPaths = (
				"$(DERIVED_FILE_DIR)/Pods-MazaadyTask-MazaadyTaskUITests-checkManifestLockResult.txt",
			);
			runOnlyForDeploymentPostprocessing = 0;
			shellPath = /bin/sh;
			shellScript = "diff \"${PODS_PODFILE_DIR_PATH}/Podfile.lock\" \"${PODS_ROOT}/Manifest.lock\" > /dev/null\nif [ $? != 0 ] ; then\n    # print error to STDERR\n    echo \"error: The sandbox is not in sync with the Podfile.lock. Run 'pod install' or update your CocoaPods installation.\" >&2\n    exit 1\nfi\n# This output is used by Xcode 'outputs' to avoid re-running this script phase.\necho \"SUCCESS\" > \"${SCRIPT_OUTPUT_FILE_0}\"\n";
			showEnvVarsInLog = 0;
		};
/* End PBXShellScriptBuildPhase section */

/* Begin PBXSourcesBuildPhase section */
		04817AED2B5180ED006F15EB /* Sources */ = {
			isa = PBXSourcesBuildPhase;
			buildActionMask = 2147483647;
			files = (
				0402932F2B51CDC600722B54 /* ServiceError.swift in Sources */,
				04817B3B2B518B47006F15EB /* DesignableUIView.swift in Sources */,
				0402932D2B51CDB700722B54 /* ResponseObject.swift in Sources */,
				0402933C2B51D14D00722B54 /* FormRepo.swift in Sources */,
				04817B2D2B5184A1006F15EB /* FormVC.swift in Sources */,
				04817B372B518560006F15EB /* FieldView.swift in Sources */,
				040293292B51CCFB00722B54 /* NetworkConstatnts.swift in Sources */,
				04817B392B5187E6006F15EB /* NibLoadingView.swift in Sources */,
				040293402B51DB4A00722B54 /* FormVM.swift in Sources */,
				04817AF52B5180ED006F15EB /* AppDelegate.swift in Sources */,
				040293272B51CAA800722B54 /* APIRouter.swift in Sources */,
				04817AFF2B5180ED006F15EB /* MazaadyTask.xcdatamodeld in Sources */,
				040293362B51CF7500722B54 /* FailureResponse.swift in Sources */,
				0402933E2B51D22F00722B54 /* FormModel.swift in Sources */,
				0402933A2B51D03700722B54 /* FormRouter.swift in Sources */,
				040293342B51CE9600722B54 /* NetworkClient.swift in Sources */,
				040293322B51CE7000722B54 /* BaseRepository.swift in Sources */,
				04817AF72B5180ED006F15EB /* SceneDelegate.swift in Sources */,
			);
			runOnlyForDeploymentPostprocessing = 0;
		};
		04817B062B5180EF006F15EB /* Sources */ = {
			isa = PBXSourcesBuildPhase;
			buildActionMask = 2147483647;
			files = (
				04817B0F2B5180EF006F15EB /* MazaadyTaskTests.swift in Sources */,
			);
			runOnlyForDeploymentPostprocessing = 0;
		};
		04817B102B5180EF006F15EB /* Sources */ = {
			isa = PBXSourcesBuildPhase;
			buildActionMask = 2147483647;
			files = (
				04817B192B5180EF006F15EB /* MazaadyTaskUITests.swift in Sources */,
				04817B1B2B5180EF006F15EB /* MazaadyTaskUITestsLaunchTests.swift in Sources */,
			);
			runOnlyForDeploymentPostprocessing = 0;
		};
/* End PBXSourcesBuildPhase section */

/* Begin PBXTargetDependency section */
		04817B0C2B5180EF006F15EB /* PBXTargetDependency */ = {
			isa = PBXTargetDependency;
			target = 04817AF02B5180ED006F15EB /* MazaadyTask */;
			targetProxy = 04817B0B2B5180EF006F15EB /* PBXContainerItemProxy */;
		};
		04817B162B5180EF006F15EB /* PBXTargetDependency */ = {
			isa = PBXTargetDependency;
			target = 04817AF02B5180ED006F15EB /* MazaadyTask */;
			targetProxy = 04817B152B5180EF006F15EB /* PBXContainerItemProxy */;
		};
/* End PBXTargetDependency section */

/* Begin PBXVariantGroup section */
		04817B022B5180EE006F15EB /* LaunchScreen.storyboard */ = {
			isa = PBXVariantGroup;
			children = (
				04817B032B5180EE006F15EB /* Base */,
			);
			name = LaunchScreen.storyboard;
			sourceTree = "<group>";
		};
/* End PBXVariantGroup section */

/* Begin XCBuildConfiguration section */
		04817B1C2B5180EF006F15EB /* Debug */ = {
			isa = XCBuildConfiguration;
			buildSettings = {
				ALWAYS_SEARCH_USER_PATHS = NO;
				CLANG_ANALYZER_NONNULL = YES;
				CLANG_ANALYZER_NUMBER_OBJECT_CONVERSION = YES_AGGRESSIVE;
				CLANG_CXX_LANGUAGE_STANDARD = "gnu++20";
				CLANG_ENABLE_MODULES = YES;
				CLANG_ENABLE_OBJC_ARC = YES;
				CLANG_ENABLE_OBJC_WEAK = YES;
				CLANG_WARN_BLOCK_CAPTURE_AUTORELEASING = YES;
				CLANG_WARN_BOOL_CONVERSION = YES;
				CLANG_WARN_COMMA = YES;
				CLANG_WARN_CONSTANT_CONVERSION = YES;
				CLANG_WARN_DEPRECATED_OBJC_IMPLEMENTATIONS = YES;
				CLANG_WARN_DIRECT_OBJC_ISA_USAGE = YES_ERROR;
				CLANG_WARN_DOCUMENTATION_COMMENTS = YES;
				CLANG_WARN_EMPTY_BODY = YES;
				CLANG_WARN_ENUM_CONVERSION = YES;
				CLANG_WARN_INFINITE_RECURSION = YES;
				CLANG_WARN_INT_CONVERSION = YES;
				CLANG_WARN_NON_LITERAL_NULL_CONVERSION = YES;
				CLANG_WARN_OBJC_IMPLICIT_RETAIN_SELF = YES;
				CLANG_WARN_OBJC_LITERAL_CONVERSION = YES;
				CLANG_WARN_OBJC_ROOT_CLASS = YES_ERROR;
				CLANG_WARN_QUOTED_INCLUDE_IN_FRAMEWORK_HEADER = YES;
				CLANG_WARN_RANGE_LOOP_ANALYSIS = YES;
				CLANG_WARN_STRICT_PROTOTYPES = YES;
				CLANG_WARN_SUSPICIOUS_MOVE = YES;
				CLANG_WARN_UNGUARDED_AVAILABILITY = YES_AGGRESSIVE;
				CLANG_WARN_UNREACHABLE_CODE = YES;
				CLANG_WARN__DUPLICATE_METHOD_MATCH = YES;
				COPY_PHASE_STRIP = NO;
				DEBUG_INFORMATION_FORMAT = dwarf;
				ENABLE_STRICT_OBJC_MSGSEND = YES;
				ENABLE_TESTABILITY = YES;
				GCC_C_LANGUAGE_STANDARD = gnu11;
				GCC_DYNAMIC_NO_PIC = NO;
				GCC_NO_COMMON_BLOCKS = YES;
				GCC_OPTIMIZATION_LEVEL = 0;
				GCC_PREPROCESSOR_DEFINITIONS = (
					"DEBUG=1",
					"$(inherited)",
				);
				GCC_WARN_64_TO_32_BIT_CONVERSION = YES;
				GCC_WARN_ABOUT_RETURN_TYPE = YES_ERROR;
				GCC_WARN_UNDECLARED_SELECTOR = YES;
				GCC_WARN_UNINITIALIZED_AUTOS = YES_AGGRESSIVE;
				GCC_WARN_UNUSED_FUNCTION = YES;
				GCC_WARN_UNUSED_VARIABLE = YES;
				IPHONEOS_DEPLOYMENT_TARGET = 16.4;
				MTL_ENABLE_DEBUG_INFO = INCLUDE_SOURCE;
				MTL_FAST_MATH = YES;
				ONLY_ACTIVE_ARCH = YES;
				SDKROOT = iphoneos;
				SWIFT_ACTIVE_COMPILATION_CONDITIONS = DEBUG;
				SWIFT_OPTIMIZATION_LEVEL = "-Onone";
			};
			name = Debug;
		};
		04817B1D2B5180EF006F15EB /* Release */ = {
			isa = XCBuildConfiguration;
			buildSettings = {
				ALWAYS_SEARCH_USER_PATHS = NO;
				CLANG_ANALYZER_NONNULL = YES;
				CLANG_ANALYZER_NUMBER_OBJECT_CONVERSION = YES_AGGRESSIVE;
				CLANG_CXX_LANGUAGE_STANDARD = "gnu++20";
				CLANG_ENABLE_MODULES = YES;
				CLANG_ENABLE_OBJC_ARC = YES;
				CLANG_ENABLE_OBJC_WEAK = YES;
				CLANG_WARN_BLOCK_CAPTURE_AUTORELEASING = YES;
				CLANG_WARN_BOOL_CONVERSION = YES;
				CLANG_WARN_COMMA = YES;
				CLANG_WARN_CONSTANT_CONVERSION = YES;
				CLANG_WARN_DEPRECATED_OBJC_IMPLEMENTATIONS = YES;
				CLANG_WARN_DIRECT_OBJC_ISA_USAGE = YES_ERROR;
				CLANG_WARN_DOCUMENTATION_COMMENTS = YES;
				CLANG_WARN_EMPTY_BODY = YES;
				CLANG_WARN_ENUM_CONVERSION = YES;
				CLANG_WARN_INFINITE_RECURSION = YES;
				CLANG_WARN_INT_CONVERSION = YES;
				CLANG_WARN_NON_LITERAL_NULL_CONVERSION = YES;
				CLANG_WARN_OBJC_IMPLICIT_RETAIN_SELF = YES;
				CLANG_WARN_OBJC_LITERAL_CONVERSION = YES;
				CLANG_WARN_OBJC_ROOT_CLASS = YES_ERROR;
				CLANG_WARN_QUOTED_INCLUDE_IN_FRAMEWORK_HEADER = YES;
				CLANG_WARN_RANGE_LOOP_ANALYSIS = YES;
				CLANG_WARN_STRICT_PROTOTYPES = YES;
				CLANG_WARN_SUSPICIOUS_MOVE = YES;
				CLANG_WARN_UNGUARDED_AVAILABILITY = YES_AGGRESSIVE;
				CLANG_WARN_UNREACHABLE_CODE = YES;
				CLANG_WARN__DUPLICATE_METHOD_MATCH = YES;
				COPY_PHASE_STRIP = NO;
				DEBUG_INFORMATION_FORMAT = "dwarf-with-dsym";
				ENABLE_NS_ASSERTIONS = NO;
				ENABLE_STRICT_OBJC_MSGSEND = YES;
				GCC_C_LANGUAGE_STANDARD = gnu11;
				GCC_NO_COMMON_BLOCKS = YES;
				GCC_WARN_64_TO_32_BIT_CONVERSION = YES;
				GCC_WARN_ABOUT_RETURN_TYPE = YES_ERROR;
				GCC_WARN_UNDECLARED_SELECTOR = YES;
				GCC_WARN_UNINITIALIZED_AUTOS = YES_AGGRESSIVE;
				GCC_WARN_UNUSED_FUNCTION = YES;
				GCC_WARN_UNUSED_VARIABLE = YES;
				IPHONEOS_DEPLOYMENT_TARGET = 16.4;
				MTL_ENABLE_DEBUG_INFO = NO;
				MTL_FAST_MATH = YES;
				SDKROOT = iphoneos;
				SWIFT_COMPILATION_MODE = wholemodule;
				SWIFT_OPTIMIZATION_LEVEL = "-O";
				VALIDATE_PRODUCT = YES;
			};
			name = Release;
		};
		04817B1F2B5180EF006F15EB /* Debug */ = {
			isa = XCBuildConfiguration;
			baseConfigurationReference = 651B97B62594987072861DF3 /* Pods-MazaadyTask.debug.xcconfig */;
			buildSettings = {
				ASSETCATALOG_COMPILER_APPICON_NAME = AppIcon;
				ASSETCATALOG_COMPILER_GLOBAL_ACCENT_COLOR_NAME = AccentColor;
				CODE_SIGN_STYLE = Automatic;
				CURRENT_PROJECT_VERSION = 1;
				DEVELOPMENT_TEAM = 6D34NZSGBN;
				GENERATE_INFOPLIST_FILE = YES;
				INFOPLIST_FILE = MazaadyTask/Info.plist;
				INFOPLIST_KEY_UIApplicationSupportsIndirectInputEvents = YES;
				INFOPLIST_KEY_UILaunchStoryboardName = LaunchScreen;
				INFOPLIST_KEY_UISupportedInterfaceOrientations_iPad = "UIInterfaceOrientationPortrait UIInterfaceOrientationPortraitUpsideDown UIInterfaceOrientationLandscapeLeft UIInterfaceOrientationLandscapeRight";
				INFOPLIST_KEY_UISupportedInterfaceOrientations_iPhone = "UIInterfaceOrientationPortrait UIInterfaceOrientationLandscapeLeft UIInterfaceOrientationLandscapeRight";
				LD_RUNPATH_SEARCH_PATHS = (
					"$(inherited)",
					"@executable_path/Frameworks",
				);
				MARKETING_VERSION = 1.0;
				PRODUCT_BUNDLE_IDENTIFIER = com.soha.MazaadyTask;
				PRODUCT_NAME = "$(TARGET_NAME)";
				SWIFT_EMIT_LOC_STRINGS = YES;
				SWIFT_VERSION = 5.0;
				TARGETED_DEVICE_FAMILY = "1,2";
			};
			name = Debug;
		};
		04817B202B5180EF006F15EB /* Release */ = {
			isa = XCBuildConfiguration;
			baseConfigurationReference = 4E865E74C4539C6A1A0DB1C0 /* Pods-MazaadyTask.release.xcconfig */;
			buildSettings = {
				ASSETCATALOG_COMPILER_APPICON_NAME = AppIcon;
				ASSETCATALOG_COMPILER_GLOBAL_ACCENT_COLOR_NAME = AccentColor;
				CODE_SIGN_STYLE = Automatic;
				CURRENT_PROJECT_VERSION = 1;
				DEVELOPMENT_TEAM = 6D34NZSGBN;
				GENERATE_INFOPLIST_FILE = YES;
				INFOPLIST_FILE = MazaadyTask/Info.plist;
				INFOPLIST_KEY_UIApplicationSupportsIndirectInputEvents = YES;
				INFOPLIST_KEY_UILaunchStoryboardName = LaunchScreen;
				INFOPLIST_KEY_UISupportedInterfaceOrientations_iPad = "UIInterfaceOrientationPortrait UIInterfaceOrientationPortraitUpsideDown UIInterfaceOrientationLandscapeLeft UIInterfaceOrientationLandscapeRight";
				INFOPLIST_KEY_UISupportedInterfaceOrientations_iPhone = "UIInterfaceOrientationPortrait UIInterfaceOrientationLandscapeLeft UIInterfaceOrientationLandscapeRight";
				LD_RUNPATH_SEARCH_PATHS = (
					"$(inherited)",
					"@executable_path/Frameworks",
				);
				MARKETING_VERSION = 1.0;
				PRODUCT_BUNDLE_IDENTIFIER = com.soha.MazaadyTask;
				PRODUCT_NAME = "$(TARGET_NAME)";
				SWIFT_EMIT_LOC_STRINGS = YES;
				SWIFT_VERSION = 5.0;
				TARGETED_DEVICE_FAMILY = "1,2";
			};
			name = Release;
		};
		04817B222B5180EF006F15EB /* Debug */ = {
			isa = XCBuildConfiguration;
			baseConfigurationReference = EF5D1CE88F22BE4DF5A5382A /* Pods-MazaadyTaskTests.debug.xcconfig */;
			buildSettings = {
				ALWAYS_EMBED_SWIFT_STANDARD_LIBRARIES = YES;
				BUNDLE_LOADER = "$(TEST_HOST)";
				CODE_SIGN_STYLE = Automatic;
				CURRENT_PROJECT_VERSION = 1;
				DEVELOPMENT_TEAM = 6D34NZSGBN;
				GENERATE_INFOPLIST_FILE = YES;
				IPHONEOS_DEPLOYMENT_TARGET = 16.4;
				MARKETING_VERSION = 1.0;
				PRODUCT_BUNDLE_IDENTIFIER = com.soha.MazaadyTaskTests;
				PRODUCT_NAME = "$(TARGET_NAME)";
				SWIFT_EMIT_LOC_STRINGS = NO;
				SWIFT_VERSION = 5.0;
				TARGETED_DEVICE_FAMILY = "1,2";
				TEST_HOST = "$(BUILT_PRODUCTS_DIR)/MazaadyTask.app/$(BUNDLE_EXECUTABLE_FOLDER_PATH)/MazaadyTask";
			};
			name = Debug;
		};
		04817B232B5180EF006F15EB /* Release */ = {
			isa = XCBuildConfiguration;
			baseConfigurationReference = CEDC8D92391D86986CD5CF23 /* Pods-MazaadyTaskTests.release.xcconfig */;
			buildSettings = {
				ALWAYS_EMBED_SWIFT_STANDARD_LIBRARIES = YES;
				BUNDLE_LOADER = "$(TEST_HOST)";
				CODE_SIGN_STYLE = Automatic;
				CURRENT_PROJECT_VERSION = 1;
				DEVELOPMENT_TEAM = 6D34NZSGBN;
				GENERATE_INFOPLIST_FILE = YES;
				IPHONEOS_DEPLOYMENT_TARGET = 16.4;
				MARKETING_VERSION = 1.0;
				PRODUCT_BUNDLE_IDENTIFIER = com.soha.MazaadyTaskTests;
				PRODUCT_NAME = "$(TARGET_NAME)";
				SWIFT_EMIT_LOC_STRINGS = NO;
				SWIFT_VERSION = 5.0;
				TARGETED_DEVICE_FAMILY = "1,2";
				TEST_HOST = "$(BUILT_PRODUCTS_DIR)/MazaadyTask.app/$(BUNDLE_EXECUTABLE_FOLDER_PATH)/MazaadyTask";
			};
			name = Release;
		};
		04817B252B5180EF006F15EB /* Debug */ = {
			isa = XCBuildConfiguration;
			baseConfigurationReference = 8989C171FF5D24CAB214ACDC /* Pods-MazaadyTask-MazaadyTaskUITests.debug.xcconfig */;
			buildSettings = {
				ALWAYS_EMBED_SWIFT_STANDARD_LIBRARIES = YES;
				CODE_SIGN_STYLE = Automatic;
				CURRENT_PROJECT_VERSION = 1;
				DEVELOPMENT_TEAM = 6D34NZSGBN;
				GENERATE_INFOPLIST_FILE = YES;
				MARKETING_VERSION = 1.0;
				PRODUCT_BUNDLE_IDENTIFIER = com.soha.MazaadyTaskUITests;
				PRODUCT_NAME = "$(TARGET_NAME)";
				SWIFT_EMIT_LOC_STRINGS = NO;
				SWIFT_VERSION = 5.0;
				TARGETED_DEVICE_FAMILY = "1,2";
				TEST_TARGET_NAME = MazaadyTask;
			};
			name = Debug;
		};
		04817B262B5180EF006F15EB /* Release */ = {
			isa = XCBuildConfiguration;
			baseConfigurationReference = 12492EEE37C50DAD8C383807 /* Pods-MazaadyTask-MazaadyTaskUITests.release.xcconfig */;
			buildSettings = {
				ALWAYS_EMBED_SWIFT_STANDARD_LIBRARIES = YES;
				CODE_SIGN_STYLE = Automatic;
				CURRENT_PROJECT_VERSION = 1;
				DEVELOPMENT_TEAM = 6D34NZSGBN;
				GENERATE_INFOPLIST_FILE = YES;
				MARKETING_VERSION = 1.0;
				PRODUCT_BUNDLE_IDENTIFIER = com.soha.MazaadyTaskUITests;
				PRODUCT_NAME = "$(TARGET_NAME)";
				SWIFT_EMIT_LOC_STRINGS = NO;
				SWIFT_VERSION = 5.0;
				TARGETED_DEVICE_FAMILY = "1,2";
				TEST_TARGET_NAME = MazaadyTask;
			};
			name = Release;
		};
/* End XCBuildConfiguration section */

/* Begin XCConfigurationList section */
		04817AEC2B5180ED006F15EB /* Build configuration list for PBXProject "MazaadyTask" */ = {
			isa = XCConfigurationList;
			buildConfigurations = (
				04817B1C2B5180EF006F15EB /* Debug */,
				04817B1D2B5180EF006F15EB /* Release */,
			);
			defaultConfigurationIsVisible = 0;
			defaultConfigurationName = Release;
		};
		04817B1E2B5180EF006F15EB /* Build configuration list for PBXNativeTarget "MazaadyTask" */ = {
			isa = XCConfigurationList;
			buildConfigurations = (
				04817B1F2B5180EF006F15EB /* Debug */,
				04817B202B5180EF006F15EB /* Release */,
			);
			defaultConfigurationIsVisible = 0;
			defaultConfigurationName = Release;
		};
		04817B212B5180EF006F15EB /* Build configuration list for PBXNativeTarget "MazaadyTaskTests" */ = {
			isa = XCConfigurationList;
			buildConfigurations = (
				04817B222B5180EF006F15EB /* Debug */,
				04817B232B5180EF006F15EB /* Release */,
			);
			defaultConfigurationIsVisible = 0;
			defaultConfigurationName = Release;
		};
		04817B242B5180EF006F15EB /* Build configuration list for PBXNativeTarget "MazaadyTaskUITests" */ = {
			isa = XCConfigurationList;
			buildConfigurations = (
				04817B252B5180EF006F15EB /* Debug */,
				04817B262B5180EF006F15EB /* Release */,
			);
			defaultConfigurationIsVisible = 0;
			defaultConfigurationName = Release;
		};
/* End XCConfigurationList section */

/* Begin XCVersionGroup section */
		04817AFD2B5180ED006F15EB /* MazaadyTask.xcdatamodeld */ = {
			isa = XCVersionGroup;
			children = (
				04817AFE2B5180ED006F15EB /* MazaadyTask.xcdatamodel */,
			);
			currentVersion = 04817AFE2B5180ED006F15EB /* MazaadyTask.xcdatamodel */;
			path = MazaadyTask.xcdatamodeld;
			sourceTree = "<group>";
			versionGroupType = wrapper.xcdatamodel;
		};
/* End XCVersionGroup section */
	};
	rootObject = 04817AE92B5180ED006F15EB /* Project object */;
}
